{
  "name": "asp.net",
  "version": "1.0.0",
  "lockfileVersion": 1,
  "requires": true,
  "dependencies": {
    "alertifyjs": {
      "version": "1.11.2",
      "resolved": "https://registry.npmjs.org/alertifyjs/-/alertifyjs-1.11.2.tgz",
      "integrity": "sha1-/+bRBUhVt2hSA3lPmT4AUT4bqIU=",
      "dev": true
    },
    "jquery": {
      "version": "3.3.1",
      "resolved": "https://registry.npmjs.org/jquery/-/jquery-3.3.1.tgz",
      "integrity": "sha1-lYzinoHJeQ8xvneS311NlfxX+8o=",
      "dev": true
    },
    "mustache": {
      "version": "3.0.1",
      "resolved": "https://registry.npmjs.org/mustache/-/mustache-3.0.1.tgz",
      "integrity": "sha1-hzhV8jqoqVsVD7ltmDbtvFodJIo=",
      "dev": true
    },
    "twbs-pagination": {
      "version": "1.4.1",
      "resolved": "https://registry.npmjs.org/twbs-pagination/-/twbs-pagination-1.4.1.tgz",
      "integrity": "sha1-8X6221QP4FG8h4Zlqk3GKO5PyBw=",
      "dev": true,
      "requires": {
        "jquery": ">=1.7"
      }
    }
  }
}
